
Microsoft Visual Studio Solution File, Format Version 12.00
# Visual Studio Version 16
VisualStudioVersion = 16.0.30523.141
MinimumVisualStudioVersion = 10.0.40219.1
Project("{FAE04EC0-301F-11D3-BF4B-00C04F79EFBC}") = "TacocatWCustomModel", "TacocatWCustomModel\TacocatWCustomModel.csproj", "{C89FA8C3-3B36-4527-A9B2-B0CBB5B1AE61}"
EndProject
Global
	GlobalSection(SolutionConfigurationPlatforms) = preSolution
		Debug|Any CPU = Debug|Any CPU
		Release|Any CPU = Release|Any CPU
	EndGlobalSection
	GlobalSection(ProjectConfigurationPlatforms) = postSolution
		{C89FA8C3-3B36-4527-A9B2-B0CBB5B1AE61}.Debug|Any CPU.ActiveCfg = Debug|Any CPU
		{C89FA8C3-3B36-4527-A9B2-B0CBB5B1AE61}.Debug|Any CPU.Build.0 = Debug|Any CPU
		{C89FA8C3-3B36-4527-A9B2-B0CBB5B1AE61}.Release|Any CPU.ActiveCfg = Release|Any CPU
		{C89FA8C3-3B36-4527-A9B2-B0CBB5B1AE61}.Release|Any CPU.Build.0 = Release|Any CPU
	EndGlobalSection
	GlobalSection(SolutionProperties) = preSolution
		HideSolutionNode = FALSE
	EndGlobalSection
	GlobalSection(ExtensibilityGlobals) = postSolution
		SolutionGuid = {868464E3-2376-45CA-91B7-FC8CDF1064A2}
	EndGlobalSection
EndGlobal
